
Microsoft Visual Studio Solution File, Format Version 12.00
# Visual Studio Version 17
VisualStudioVersion = 17.4.33122.133
MinimumVisualStudioVersion = 10.0.40219.1
Project("{9A19103F-16F7-4668-BE54-9A1E7A4F7556}") = "MatchmakingSignalingServer", "MatchmakingSignalingServer\MatchmakingSignalingServer.csproj", "{D876C2C9-D25A-4C8F-8B0B-3DA53340F41D}"
EndProject
Project("{9A19103F-16F7-4668-BE54-9A1E7A4F7556}") = "MatchmakingSignalingServer.DataAccess", "MatchmakingSignalingServer.DataAccess\MatchmakingSignalingServer.DataAccess.csproj", "{3F9303E3-54A2-4C21-97DD-8F5B8065BD36}"
EndProject
Global
	GlobalSection(SolutionConfigurationPlatforms) = preSolution
		Debug|Any CPU = Debug|Any CPU
		Release|Any CPU = Release|Any CPU
	EndGlobalSection
	GlobalSection(ProjectConfigurationPlatforms) = postSolution
		{D876C2C9-D25A-4C8F-8B0B-3DA53340F41D}.Debug|Any CPU.ActiveCfg = Debug|Any CPU
		{D876C2C9-D25A-4C8F-8B0B-3DA53340F41D}.Debug|Any CPU.Build.0 = Debug|Any CPU
		{D876C2C9-D25A-4C8F-8B0B-3DA53340F41D}.Release|Any CPU.ActiveCfg = Release|Any CPU
		{D876C2C9-D25A-4C8F-8B0B-3DA53340F41D}.Release|Any CPU.Build.0 = Release|Any CPU
		{3F9303E3-54A2-4C21-97DD-8F5B8065BD36}.Debug|Any CPU.ActiveCfg = Debug|Any CPU
		{3F9303E3-54A2-4C21-97DD-8F5B8065BD36}.Debug|Any CPU.Build.0 = Debug|Any CPU
		{3F9303E3-54A2-4C21-97DD-8F5B8065BD36}.Release|Any CPU.ActiveCfg = Release|Any CPU
		{3F9303E3-54A2-4C21-97DD-8F5B8065BD36}.Release|Any CPU.Build.0 = Release|Any CPU
	EndGlobalSection
	GlobalSection(SolutionProperties) = preSolution
		HideSolutionNode = FALSE
	EndGlobalSection
	GlobalSection(ExtensibilityGlobals) = postSolution
		SolutionGuid = {7C13D6B1-9038-44D0-8CBE-D69E7B906754}
	EndGlobalSection
EndGlobal
